{
  "name": "docs",
  "version": "1.0.0",
  "lockfileVersion": 1,
  "requires": true,
  "dependencies": {
    "@date-io/core": {
      "version": "1.1.0",
      "resolved": "https://registry.npmjs.org/@date-io/core/-/core-1.1.0.tgz",
      "integrity": "sha512-PyjhyR2fbp7Q8xpB5zoOyT3dqr8Bn4kXfREf1w6AnQalwdftNxChB2/p88fI1qsx8KNmHDJY12eCgLoZaPegTw=="
    },
    "@date-io/date-fns": {
      "version": "1.1.0",
      "requires": {
        "@date-io/core": "^1.1.0"
      }
    },
    "@types/navigator-permissions": {
      "version": "0.1.2",
      "resolved": "https://registry.npmjs.org/@types/navigator-permissions/-/navigator-permissions-0.1.2.tgz",
      "integrity": "sha512-8W+UYJPF7cIJESlL/Z6B282dj2EMizp7G6imbK9yKb4k9ePCNuNv7yri8mCJhcjHPJStpAIn8ovL+CY+tKh5sg==",
      "dev": true
    },
    "date-fns": {
      "version": "2.0.0-alpha.27"
    }
  }
}
